
Microsoft Visual Studio Solution File, Format Version 12.00
# Visual Studio Version 17
VisualStudioVersion = 17.10.35027.167
MinimumVisualStudioVersion = 10.0.40219.1
Project("{FAE04EC0-301F-11D3-BF4B-00C04F79EFBC}") = "Users.WebApi", "Users.WebApi\Users.WebApi.csproj", "{F70379BE-12BA-42B9-8043-95CECB906D9E}"
EndProject
Project("{9A19103F-16F7-4668-BE54-9A1E7A4F7556}") = "Common", "..\DotNETCommon\Common\Common.csproj", "{5F16F123-2D6D-4B9F-8F39-1B7EAECB49F9}"
EndProject
Global
	GlobalSection(SolutionConfigurationPlatforms) = preSolution
		Debug|Any CPU = Debug|Any CPU
		Release|Any CPU = Release|Any CPU
	EndGlobalSection
	GlobalSection(ProjectConfigurationPlatforms) = postSolution
		{F70379BE-12BA-42B9-8043-95CECB906D9E}.Debug|Any CPU.ActiveCfg = Debug|Any CPU
		{F70379BE-12BA-42B9-8043-95CECB906D9E}.Debug|Any CPU.Build.0 = Debug|Any CPU
		{F70379BE-12BA-42B9-8043-95CECB906D9E}.Release|Any CPU.ActiveCfg = Release|Any CPU
		{F70379BE-12BA-42B9-8043-95CECB906D9E}.Release|Any CPU.Build.0 = Release|Any CPU
		{5F16F123-2D6D-4B9F-8F39-1B7EAECB49F9}.Debug|Any CPU.ActiveCfg = Debug|Any CPU
		{5F16F123-2D6D-4B9F-8F39-1B7EAECB49F9}.Debug|Any CPU.Build.0 = Debug|Any CPU
		{5F16F123-2D6D-4B9F-8F39-1B7EAECB49F9}.Release|Any CPU.ActiveCfg = Release|Any CPU
		{5F16F123-2D6D-4B9F-8F39-1B7EAECB49F9}.Release|Any CPU.Build.0 = Release|Any CPU
	EndGlobalSection
	GlobalSection(SolutionProperties) = preSolution
		HideSolutionNode = FALSE
	EndGlobalSection
	GlobalSection(ExtensibilityGlobals) = postSolution
		SolutionGuid = {2D06A11F-1877-4C69-89AB-3C8F6CE549EE}
	EndGlobalSection
EndGlobal
